
Microsoft Visual Studio Solution File, Format Version 12.00
# Visual Studio Version 16
VisualStudioVersion = 16.0.30413.136
MinimumVisualStudioVersion = 10.0.40219.1
Project("{8BC9CEB8-8B4A-11D0-8D11-00A0C91BC942}") = "Lab 2 Exploring Output", "Lab 2 Exploring Output.vcxproj", "{18FEBBCE-8A91-4F77-AF67-5C39CCD6E375}"
EndProject
Global
	GlobalSection(SolutionConfigurationPlatforms) = preSolution
		Debug|x64 = Debug|x64
		Debug|x86 = Debug|x86
		Release|x64 = Release|x64
		Release|x86 = Release|x86
	EndGlobalSection
	GlobalSection(ProjectConfigurationPlatforms) = postSolution
		{18FEBBCE-8A91-4F77-AF67-5C39CCD6E375}.Debug|x64.ActiveCfg = Debug|x64
		{18FEBBCE-8A91-4F77-AF67-5C39CCD6E375}.Debug|x64.Build.0 = Debug|x64
		{18FEBBCE-8A91-4F77-AF67-5C39CCD6E375}.Debug|x86.ActiveCfg = Debug|Win32
		{18FEBBCE-8A91-4F77-AF67-5C39CCD6E375}.Debug|x86.Build.0 = Debug|Win32
		{18FEBBCE-8A91-4F77-AF67-5C39CCD6E375}.Release|x64.ActiveCfg = Release|x64
		{18FEBBCE-8A91-4F77-AF67-5C39CCD6E375}.Release|x64.Build.0 = Release|x64
		{18FEBBCE-8A91-4F77-AF67-5C39CCD6E375}.Release|x86.ActiveCfg = Release|Win32
		{18FEBBCE-8A91-4F77-AF67-5C39CCD6E375}.Release|x86.Build.0 = Release|Win32
	EndGlobalSection
	GlobalSection(SolutionProperties) = preSolution
		HideSolutionNode = FALSE
	EndGlobalSection
	GlobalSection(ExtensibilityGlobals) = postSolution
		SolutionGuid = {24974C4B-256A-43C9-9D14-D46A0B86051C}
	EndGlobalSection
EndGlobal
